<?xml version="1.0" encoding="UTF-8"?>
<CONFIG>
  <ProjectOptions>
    <Version Value="11"/>
    <General>
      <Flags>
        <SaveOnlyProjectUnits Value="True"/>
        <MainUnitHasCreateFormStatements Value="False"/>
        <MainUnitHasTitleStatement Value="False"/>
        <MainUnitHasScaledStatement Value="False"/>
        <Runnable Value="False"/>
        <CompatibilityMode Value="True"/>
      </Flags>
      <MainUnit Value="0"/>
      <Title Value="demoarea"/>
      <UseAppBundle Value="False"/>
      <ResourceType Value="res"/>
    </General>
    <CustomData Count="2">
      <Item0 Name="MaintainHTML" Value="1"/>
      <Item1 Name="PasJSWebBrowserProject" Value="1"/>
    </CustomData>
    <BuildModes Count="1" Active="Default">
      <Item1 Name="Default" Default="True"/>
    </BuildModes>
    <PublishOptions>
      <Version Value="2"/>
      <UseFileFilters Value="True"/>
    </PublishOptions>
    <RunParams>
      <FormatVersion Value="2"/>
      <Modes Count="0"/>
    </RunParams>
    <Units Count="2">
      <Unit0>
        <Filename Value="demoarea.lpr"/>
        <IsPartOfProject Value="True"/>
        <IsVisibleTab Value="True"/>
        <UsageCount Value="20"/>
        <Loaded Value="True"/>
      </Unit0>
      <Unit1>
        <Filename Value="demoarea.html"/>
        <IsPartOfProject Value="True"/>
        <CustomData Count="1">
          <Item0 Name="PasJSIsProjectHTMLFile" Value="1"/>
        </CustomData>
        <UsageCount Value="20"/>
        <DefaultSyntaxHighlighter Value="HTML"/>
      </Unit1>
    </Units>
  </ProjectOptions>
  <CompilerOptions>
    <Version Value="11"/>
    <Target FileExt=".js">
      <Filename Value="js/demoarea.js"/>
    </Target>
    <SearchPaths>
      <IncludeFiles Value="$(ProjOutDir)"/>
      <OtherUnitFiles Value="../../packages/chartjs"/>
      <UnitOutputDirectory Value="js"/>
    </SearchPaths>
    <Parsing>
      <SyntaxOptions>
        <AllowLabel Value="False"/>
        <UseAnsiStrings Value="False"/>
      </SyntaxOptions>
    </Parsing>
    <CodeGeneration>
      <TargetOS Value="browser"/>
    </CodeGeneration>
    <Linking>
      <Debugging>
        <GenerateDebugInfo Value="False"/>
        <UseLineInfoUnit Value="False"/>
      </Debugging>
    </Linking>
    <Other>
      <CustomOptions Value="-Jeutf-8 -Jirtl.js -Jc -Jminclude"/>
      <CompilerPath Value="$(pas2js)"/>
    </Other>
  </CompilerOptions>
  <Debugging>
    <Exceptions Count="3">
      <Item1>
        <Name Value="EAbort"/>
      </Item1>
      <Item2>
        <Name Value="ECodetoolError"/>
      </Item2>
      <Item3>
        <Name Value="EFOpenError"/>
      </Item3>
    </Exceptions>
  </Debugging>
</CONFIG>
